PODS:
  - Expecta (0.3.1)
  - SPLFormViewController (0.3.0)

DEPENDENCIES:
  - Expecta
  - SPLFormViewController (from `.`)

EXTERNAL SOURCES:
  SPLFormViewController:
    :path: .

SPEC CHECKSUMS:
  Expecta: 03aabd0a89d8dea843baecb19a7fd7466a69a31d
  SPLFormViewController: 0d77bc3b7eb98e74f0582ac54025aec8cc3acdb4

COCOAPODS: 0.35.0
