PODS:
  - Expecta (0.3.1)
  - SPLFormViewController (0.1.0)

DEPENDENCIES:
  - Expecta
  - SPLFormViewController (from `.`)

EXTERNAL SOURCES:
  SPLFormViewController:
    :path: .

SPEC CHECKSUMS:
  Expecta: 03aabd0a89d8dea843baecb19a7fd7466a69a31d
  SPLFormViewController: 556a74e8698cedf51717ab03f79a320c7a93737b

COCOAPODS: 0.35.0
