PODS:
  - Expecta (0.3.2)
  - SPLFormViewController (0.4.0)

DEPENDENCIES:
  - Expecta
  - SPLFormViewController (from `.`)

EXTERNAL SOURCES:
  SPLFormViewController:
    :path: .

SPEC CHECKSUMS:
  Expecta: ee641011fe10aa1855d487b40e4976dac50ec342
  SPLFormViewController: ba42c1d733e8ab4a951f12988e8c9b24e9d24410

COCOAPODS: 0.36.0
